// !$*UTF8*$!
{
	archiveVersion = 1;
	classes = {
	};
	objectVersion = 50;
	objects = {

/* Begin PBXBuildFile section */
		A4B03E8423DE7CAB0069F7E8 /* AppDelegate.swift in Sources */ = {isa = PBXBuildFile; fileRef = A4B03E8323DE7CAB0069F7E8 /* AppDelegate.swift */; };
		A4B03E8D23DE7CB20069F7E8 /* Assets.xcassets in Resources */ = {isa = PBXBuildFile; fileRef = A4B03E8C23DE7CB20069F7E8 /* Assets.xcassets */; };
		A4B03E9023DE7CB20069F7E8 /* LaunchScreen.storyboard in Resources */ = {isa = PBXBuildFile; fileRef = A4B03E8E23DE7CB20069F7E8 /* LaunchScreen.storyboard */; };
		A4B03E9A23DE7FD00069F7E8 /* RootViewController.swift in Sources */ = {isa = PBXBuildFile; fileRef = A4B03E9923DE7FD00069F7E8 /* RootViewController.swift */; };
		A4B03E9C23DE7FED0069F7E8 /* RootViewController.storyboard in Resources */ = {isa = PBXBuildFile; fileRef = A4B03E9B23DE7FED0069F7E8 /* RootViewController.storyboard */; };
		A4B03E9E23DE80090069F7E8 /* Storyboard.swift in Sources */ = {isa = PBXBuildFile; fileRef = A4B03E9D23DE80090069F7E8 /* Storyboard.swift */; };
		A4B03EE223DE861E0069F7E8 /* Infrastructure.framework in Frameworks */ = {isa = PBXBuildFile; fileRef = A4B03ED923DE861E0069F7E8 /* Infrastructure.framework */; };
		A4B03EEB23DE861E0069F7E8 /* Infrastructure.h in Headers */ = {isa = PBXBuildFile; fileRef = A4B03EDB23DE861E0069F7E8 /* Infrastructure.h */; settings = {ATTRIBUTES = (Public, ); }; };
		A4B03EEE23DE861E0069F7E8 /* Infrastructure.framework in Frameworks */ = {isa = PBXBuildFile; fileRef = A4B03ED923DE861E0069F7E8 /* Infrastructure.framework */; };
		A4B03EEF23DE861E0069F7E8 /* Infrastructure.framework in Embed Frameworks */ = {isa = PBXBuildFile; fileRef = A4B03ED923DE861E0069F7E8 /* Infrastructure.framework */; settings = {ATTRIBUTES = (CodeSignOnCopy, RemoveHeadersOnCopy, ); }; };
		A4B03EFA23DE866E0069F7E8 /* BusTime.swift in Sources */ = {isa = PBXBuildFile; fileRef = A4B03EF923DE866E0069F7E8 /* BusTime.swift */; };
		A4B03EFE23DE8A960069F7E8 /* RxSwift.framework in Frameworks */ = {isa = PBXBuildFile; fileRef = A4B03EFD23DE8A960069F7E8 /* RxSwift.framework */; };
		A4B03EFF23DE8B130069F7E8 /* RxSwift.framework in Frameworks */ = {isa = PBXBuildFile; fileRef = A4B03EFD23DE8A960069F7E8 /* RxSwift.framework */; };
		A4B03F0323DE8B130069F7E8 /* RxRelay.framework in Frameworks */ = {isa = PBXBuildFile; fileRef = A4B03F0123DE8B130069F7E8 /* RxRelay.framework */; };
		A4B03F0523DE8B130069F7E8 /* RxCocoa.framework in Frameworks */ = {isa = PBXBuildFile; fileRef = A4B03F0223DE8B130069F7E8 /* RxCocoa.framework */; };
		A4B03F0A23DE9BBD0069F7E8 /* SwiftDate.framework in Frameworks */ = {isa = PBXBuildFile; fileRef = A4B03F0923DE9BBD0069F7E8 /* SwiftDate.framework */; };
		A4B03F0C23DE9BEE0069F7E8 /* SwiftDate.framework in Frameworks */ = {isa = PBXBuildFile; fileRef = A4B03F0923DE9BBD0069F7E8 /* SwiftDate.framework */; };
		A4B03F4623DECF1E0069F7E8 /* abseil.framework in Frameworks */ = {isa = PBXBuildFile; fileRef = A4B03F2023DECEFB0069F7E8 /* abseil.framework */; };
		A4B03F4723DECF250069F7E8 /* BoringSSL-GRPC.framework in Frameworks */ = {isa = PBXBuildFile; fileRef = A4B03F1123DECEFB0069F7E8 /* BoringSSL-GRPC.framework */; };
		A4B03F4823DECF290069F7E8 /* FIRAnalyticsConnector.framework in Frameworks */ = {isa = PBXBuildFile; fileRef = A4B03F1223DECEFB0069F7E8 /* FIRAnalyticsConnector.framework */; };
		A4B03F4923DECF2D0069F7E8 /* FirebaseAnalytics.framework in Frameworks */ = {isa = PBXBuildFile; fileRef = A4B03F1823DECEFB0069F7E8 /* FirebaseAnalytics.framework */; };
		A4B03F4A23DECF300069F7E8 /* FirebaseCore.framework in Frameworks */ = {isa = PBXBuildFile; fileRef = A4B03F0F23DECEFB0069F7E8 /* FirebaseCore.framework */; };
		A4B03F4B23DECF330069F7E8 /* FirebaseCoreDiagnostics.framework in Frameworks */ = {isa = PBXBuildFile; fileRef = A4B03F1D23DECEFB0069F7E8 /* FirebaseCoreDiagnostics.framework */; };
		A4B03F4C23DECF370069F7E8 /* FirebaseFirestore.framework in Frameworks */ = {isa = PBXBuildFile; fileRef = A4B03F1423DECEFB0069F7E8 /* FirebaseFirestore.framework */; };
		A4B03F4D23DECF3A0069F7E8 /* FirebaseInstallations.framework in Frameworks */ = {isa = PBXBuildFile; fileRef = A4B03F1B23DECEFB0069F7E8 /* FirebaseInstallations.framework */; };
		A4B03F4E23DECF3D0069F7E8 /* FirebaseInstanceID.framework in Frameworks */ = {isa = PBXBuildFile; fileRef = A4B03F1923DECEFB0069F7E8 /* FirebaseInstanceID.framework */; };
		A4B03F4F23DECF400069F7E8 /* GoogleAppMeasurement.framework in Frameworks */ = {isa = PBXBuildFile; fileRef = A4B03F1323DECEFB0069F7E8 /* GoogleAppMeasurement.framework */; };
		A4B03F5023DECF440069F7E8 /* GoogleDataTransport.framework in Frameworks */ = {isa = PBXBuildFile; fileRef = A4B03F1A23DECEFB0069F7E8 /* GoogleDataTransport.framework */; };
		A4B03F5123DECF470069F7E8 /* GoogleDataTransportCCTSupport.framework in Frameworks */ = {isa = PBXBuildFile; fileRef = A4B03F1723DECEFB0069F7E8 /* GoogleDataTransportCCTSupport.framework */; };
		A4B03F5223DECF4A0069F7E8 /* GoogleUtilities.framework in Frameworks */ = {isa = PBXBuildFile; fileRef = A4B03F1E23DECEFB0069F7E8 /* GoogleUtilities.framework */; };
		A4B03F5323DECF4D0069F7E8 /* gRPC-C++.framework in Frameworks */ = {isa = PBXBuildFile; fileRef = A4B03F1C23DECEFB0069F7E8 /* gRPC-C++.framework */; };
		A4B03F5423DECF500069F7E8 /* gRPC-Core.framework in Frameworks */ = {isa = PBXBuildFile; fileRef = A4B03F1623DECEFB0069F7E8 /* gRPC-Core.framework */; };
		A4B03F5523DECF530069F7E8 /* leveldb-library.framework in Frameworks */ = {isa = PBXBuildFile; fileRef = A4B03F1523DECEFB0069F7E8 /* leveldb-library.framework */; };
		A4B03F5623DECF560069F7E8 /* nanopb.framework in Frameworks */ = {isa = PBXBuildFile; fileRef = A4B03F1023DECEFB0069F7E8 /* nanopb.framework */; };
		A4B03F5723DECF590069F7E8 /* PromisesObjC.framework in Frameworks */ = {isa = PBXBuildFile; fileRef = A4B03F1F23DECEFB0069F7E8 /* PromisesObjC.framework */; };
		A4B03F5A23DED02F0069F7E8 /* libc++.tbd in Frameworks */ = {isa = PBXBuildFile; fileRef = A4B03F5823DED00F0069F7E8 /* libc++.tbd */; };
		A4B03F5B23DED0360069F7E8 /* libsqlite3.tbd in Frameworks */ = {isa = PBXBuildFile; fileRef = A4B03F5923DED01A0069F7E8 /* libsqlite3.tbd */; };
		A4B03F5D23DED03E0069F7E8 /* StoreKit.framework in Frameworks */ = {isa = PBXBuildFile; fileRef = A4B03F5C23DED03E0069F7E8 /* StoreKit.framework */; };
		A4B03F5F23DED06C0069F7E8 /* gRPCCertificates-Cpp.bundle in Resources */ = {isa = PBXBuildFile; fileRef = A4B03F5E23DED06C0069F7E8 /* gRPCCertificates-Cpp.bundle */; };
/* End PBXBuildFile section */

/* Begin PBXContainerItemProxy section */
		A4B03EE323DE861E0069F7E8 /* PBXContainerItemProxy */ = {
			isa = PBXContainerItemProxy;
			containerPortal = A4B03E7823DE7CAB0069F7E8 /* Project object */;
			proxyType = 1;
			remoteGlobalIDString = A4B03ED823DE861E0069F7E8;
			remoteInfo = Infrastructure;
		};
		A4B03EE523DE861E0069F7E8 /* PBXContainerItemProxy */ = {
			isa = PBXContainerItemProxy;
			containerPortal = A4B03E7823DE7CAB0069F7E8 /* Project object */;
			proxyType = 1;
			remoteGlobalIDString = A4B03E7F23DE7CAB0069F7E8;
			remoteInfo = ChukyoBustime;
		};
		A4B03EEC23DE861E0069F7E8 /* PBXContainerItemProxy */ = {
			isa = PBXContainerItemProxy;
			containerPortal = A4B03E7823DE7CAB0069F7E8 /* Project object */;
			proxyType = 1;
			remoteGlobalIDString = A4B03ED823DE861E0069F7E8;
			remoteInfo = Infrastructure;
		};
/* End PBXContainerItemProxy section */

/* Begin PBXCopyFilesBuildPhase section */
		A4B03EF023DE861E0069F7E8 /* Embed Frameworks */ = {
			isa = PBXCopyFilesBuildPhase;
			buildActionMask = 2147483647;
			dstPath = "";
			dstSubfolderSpec = 10;
			files = (
				A4B03EEF23DE861E0069F7E8 /* Infrastructure.framework in Embed Frameworks */,
			);
			name = "Embed Frameworks";
			runOnlyForDeploymentPostprocessing = 0;
		};
/* End PBXCopyFilesBuildPhase section */

/* Begin PBXFileReference section */
		A4B03E8023DE7CAB0069F7E8 /* ChukyoBustime.app */ = {isa = PBXFileReference; explicitFileType = wrapper.application; includeInIndex = 0; path = ChukyoBustime.app; sourceTree = BUILT_PRODUCTS_DIR; };
		A4B03E8323DE7CAB0069F7E8 /* AppDelegate.swift */ = {isa = PBXFileReference; lastKnownFileType = sourcecode.swift; path = AppDelegate.swift; sourceTree = "<group>"; };
		A4B03E8C23DE7CB20069F7E8 /* Assets.xcassets */ = {isa = PBXFileReference; lastKnownFileType = folder.assetcatalog; path = Assets.xcassets; sourceTree = "<group>"; };
		A4B03E8F23DE7CB20069F7E8 /* Base */ = {isa = PBXFileReference; lastKnownFileType = file.storyboard; name = Base; path = Base.lproj/LaunchScreen.storyboard; sourceTree = "<group>"; };
		A4B03E9123DE7CB20069F7E8 /* Info.plist */ = {isa = PBXFileReference; lastKnownFileType = text.plist.xml; path = Info.plist; sourceTree = "<group>"; };
		A4B03E9923DE7FD00069F7E8 /* RootViewController.swift */ = {isa = PBXFileReference; lastKnownFileType = sourcecode.swift; path = RootViewController.swift; sourceTree = "<group>"; };
		A4B03E9B23DE7FED0069F7E8 /* RootViewController.storyboard */ = {isa = PBXFileReference; lastKnownFileType = file.storyboard; path = RootViewController.storyboard; sourceTree = "<group>"; };
		A4B03E9D23DE80090069F7E8 /* Storyboard.swift */ = {isa = PBXFileReference; lastKnownFileType = sourcecode.swift; path = Storyboard.swift; sourceTree = "<group>"; };
		A4B03ED923DE861E0069F7E8 /* Infrastructure.framework */ = {isa = PBXFileReference; explicitFileType = wrapper.framework; includeInIndex = 0; path = Infrastructure.framework; sourceTree = BUILT_PRODUCTS_DIR; };
		A4B03EDB23DE861E0069F7E8 /* Infrastructure.h */ = {isa = PBXFileReference; lastKnownFileType = sourcecode.c.h; path = Infrastructure.h; sourceTree = "<group>"; };
		A4B03EDC23DE861E0069F7E8 /* Info.plist */ = {isa = PBXFileReference; lastKnownFileType = text.plist.xml; path = Info.plist; sourceTree = "<group>"; };
		A4B03EE123DE861E0069F7E8 /* InfrastructureTests.xctest */ = {isa = PBXFileReference; explicitFileType = wrapper.cfbundle; includeInIndex = 0; path = InfrastructureTests.xctest; sourceTree = BUILT_PRODUCTS_DIR; };
		A4B03EEA23DE861E0069F7E8 /* Info.plist */ = {isa = PBXFileReference; lastKnownFileType = text.plist.xml; path = Info.plist; sourceTree = "<group>"; };
		A4B03EF923DE866E0069F7E8 /* BusTime.swift */ = {isa = PBXFileReference; lastKnownFileType = sourcecode.swift; path = BusTime.swift; sourceTree = "<group>"; };
		A4B03EFD23DE8A960069F7E8 /* RxSwift.framework */ = {isa = PBXFileReference; lastKnownFileType = wrapper.framework; name = RxSwift.framework; path = Carthage/Build/iOS/RxSwift.framework; sourceTree = "<group>"; };
		A4B03F0123DE8B130069F7E8 /* RxRelay.framework */ = {isa = PBXFileReference; lastKnownFileType = wrapper.framework; name = RxRelay.framework; path = Carthage/Build/iOS/RxRelay.framework; sourceTree = "<group>"; };
		A4B03F0223DE8B130069F7E8 /* RxCocoa.framework */ = {isa = PBXFileReference; lastKnownFileType = wrapper.framework; name = RxCocoa.framework; path = Carthage/Build/iOS/RxCocoa.framework; sourceTree = "<group>"; };
		A4B03F0923DE9BBD0069F7E8 /* SwiftDate.framework */ = {isa = PBXFileReference; lastKnownFileType = wrapper.framework; name = SwiftDate.framework; path = Carthage/Build/iOS/SwiftDate.framework; sourceTree = "<group>"; };
		A4B03F0F23DECEFB0069F7E8 /* FirebaseCore.framework */ = {isa = PBXFileReference; lastKnownFileType = wrapper.framework; name = FirebaseCore.framework; path = Carthage/Build/iOS/FirebaseCore.framework; sourceTree = "<group>"; };
		A4B03F1023DECEFB0069F7E8 /* nanopb.framework */ = {isa = PBXFileReference; lastKnownFileType = wrapper.framework; name = nanopb.framework; path = Carthage/Build/iOS/nanopb.framework; sourceTree = "<group>"; };
		A4B03F1123DECEFB0069F7E8 /* BoringSSL-GRPC.framework */ = {isa = PBXFileReference; lastKnownFileType = wrapper.framework; name = "BoringSSL-GRPC.framework"; path = "Carthage/Build/iOS/BoringSSL-GRPC.framework"; sourceTree = "<group>"; };
		A4B03F1223DECEFB0069F7E8 /* FIRAnalyticsConnector.framework */ = {isa = PBXFileReference; lastKnownFileType = wrapper.framework; name = FIRAnalyticsConnector.framework; path = Carthage/Build/iOS/FIRAnalyticsConnector.framework; sourceTree = "<group>"; };
		A4B03F1323DECEFB0069F7E8 /* GoogleAppMeasurement.framework */ = {isa = PBXFileReference; lastKnownFileType = wrapper.framework; name = GoogleAppMeasurement.framework; path = Carthage/Build/iOS/GoogleAppMeasurement.framework; sourceTree = "<group>"; };
		A4B03F1423DECEFB0069F7E8 /* FirebaseFirestore.framework */ = {isa = PBXFileReference; lastKnownFileType = wrapper.framework; name = FirebaseFirestore.framework; path = Carthage/Build/iOS/FirebaseFirestore.framework; sourceTree = "<group>"; };
		A4B03F1523DECEFB0069F7E8 /* leveldb-library.framework */ = {isa = PBXFileReference; lastKnownFileType = wrapper.framework; name = "leveldb-library.framework"; path = "Carthage/Build/iOS/leveldb-library.framework"; sourceTree = "<group>"; };
		A4B03F1623DECEFB0069F7E8 /* gRPC-Core.framework */ = {isa = PBXFileReference; lastKnownFileType = wrapper.framework; name = "gRPC-Core.framework"; path = "Carthage/Build/iOS/gRPC-Core.framework"; sourceTree = "<group>"; };
		A4B03F1723DECEFB0069F7E8 /* GoogleDataTransportCCTSupport.framework */ = {isa = PBXFileReference; lastKnownFileType = wrapper.framework; name = GoogleDataTransportCCTSupport.framework; path = Carthage/Build/iOS/GoogleDataTransportCCTSupport.framework; sourceTree = "<group>"; };
		A4B03F1823DECEFB0069F7E8 /* FirebaseAnalytics.framework */ = {isa = PBXFileReference; lastKnownFileType = wrapper.framework; name = FirebaseAnalytics.framework; path = Carthage/Build/iOS/FirebaseAnalytics.framework; sourceTree = "<group>"; };
		A4B03F1923DECEFB0069F7E8 /* FirebaseInstanceID.framework */ = {isa = PBXFileReference; lastKnownFileType = wrapper.framework; name = FirebaseInstanceID.framework; path = Carthage/Build/iOS/FirebaseInstanceID.framework; sourceTree = "<group>"; };
		A4B03F1A23DECEFB0069F7E8 /* GoogleDataTransport.framework */ = {isa = PBXFileReference; lastKnownFileType = wrapper.framework; name = GoogleDataTransport.framework; path = Carthage/Build/iOS/GoogleDataTransport.framework; sourceTree = "<group>"; };
		A4B03F1B23DECEFB0069F7E8 /* FirebaseInstallations.framework */ = {isa = PBXFileReference; lastKnownFileType = wrapper.framework; name = FirebaseInstallations.framework; path = Carthage/Build/iOS/FirebaseInstallations.framework; sourceTree = "<group>"; };
		A4B03F1C23DECEFB0069F7E8 /* gRPC-C++.framework */ = {isa = PBXFileReference; lastKnownFileType = wrapper.framework; name = "gRPC-C++.framework"; path = "Carthage/Build/iOS/gRPC-C++.framework"; sourceTree = "<group>"; };
		A4B03F1D23DECEFB0069F7E8 /* FirebaseCoreDiagnostics.framework */ = {isa = PBXFileReference; lastKnownFileType = wrapper.framework; name = FirebaseCoreDiagnostics.framework; path = Carthage/Build/iOS/FirebaseCoreDiagnostics.framework; sourceTree = "<group>"; };
		A4B03F1E23DECEFB0069F7E8 /* GoogleUtilities.framework */ = {isa = PBXFileReference; lastKnownFileType = wrapper.framework; name = GoogleUtilities.framework; path = Carthage/Build/iOS/GoogleUtilities.framework; sourceTree = "<group>"; };
		A4B03F1F23DECEFB0069F7E8 /* PromisesObjC.framework */ = {isa = PBXFileReference; lastKnownFileType = wrapper.framework; name = PromisesObjC.framework; path = Carthage/Build/iOS/PromisesObjC.framework; sourceTree = "<group>"; };
		A4B03F2023DECEFB0069F7E8 /* abseil.framework */ = {isa = PBXFileReference; lastKnownFileType = wrapper.framework; name = abseil.framework; path = Carthage/Build/iOS/abseil.framework; sourceTree = "<group>"; };
		A4B03F5823DED00F0069F7E8 /* libc++.tbd */ = {isa = PBXFileReference; lastKnownFileType = "sourcecode.text-based-dylib-definition"; name = "libc++.tbd"; path = "usr/lib/libc++.tbd"; sourceTree = SDKROOT; };
		A4B03F5923DED01A0069F7E8 /* libsqlite3.tbd */ = {isa = PBXFileReference; lastKnownFileType = "sourcecode.text-based-dylib-definition"; name = libsqlite3.tbd; path = usr/lib/libsqlite3.tbd; sourceTree = SDKROOT; };
		A4B03F5C23DED03E0069F7E8 /* StoreKit.framework */ = {isa = PBXFileReference; lastKnownFileType = wrapper.framework; name = StoreKit.framework; path = System/Library/Frameworks/StoreKit.framework; sourceTree = SDKROOT; };
		A4B03F5E23DED06C0069F7E8 /* gRPCCertificates-Cpp.bundle */ = {isa = PBXFileReference; lastKnownFileType = "wrapper.plug-in"; path = "gRPCCertificates-Cpp.bundle"; sourceTree = "<group>"; };
/* End PBXFileReference section */

/* Begin PBXFrameworksBuildPhase section */
		A4B03E7D23DE7CAB0069F7E8 /* Frameworks */ = {
			isa = PBXFrameworksBuildPhase;
			buildActionMask = 2147483647;
			files = (
				A4B03F5B23DED0360069F7E8 /* libsqlite3.tbd in Frameworks */,
				A4B03F5223DECF4A0069F7E8 /* GoogleUtilities.framework in Frameworks */,
				A4B03F5423DECF500069F7E8 /* gRPC-Core.framework in Frameworks */,
				A4B03F5623DECF560069F7E8 /* nanopb.framework in Frameworks */,
				A4B03F0523DE8B130069F7E8 /* RxCocoa.framework in Frameworks */,
				A4B03F0A23DE9BBD0069F7E8 /* SwiftDate.framework in Frameworks */,
				A4B03F4F23DECF400069F7E8 /* GoogleAppMeasurement.framework in Frameworks */,
				A4B03F5523DECF530069F7E8 /* leveldb-library.framework in Frameworks */,
				A4B03F5723DECF590069F7E8 /* PromisesObjC.framework in Frameworks */,
				A4B03F4923DECF2D0069F7E8 /* FirebaseAnalytics.framework in Frameworks */,
				A4B03F4623DECF1E0069F7E8 /* abseil.framework in Frameworks */,
				A4B03F5D23DED03E0069F7E8 /* StoreKit.framework in Frameworks */,
				A4B03F4D23DECF3A0069F7E8 /* FirebaseInstallations.framework in Frameworks */,
				A4B03EFF23DE8B130069F7E8 /* RxSwift.framework in Frameworks */,
				A4B03F4723DECF250069F7E8 /* BoringSSL-GRPC.framework in Frameworks */,
				A4B03F4A23DECF300069F7E8 /* FirebaseCore.framework in Frameworks */,
				A4B03F4B23DECF330069F7E8 /* FirebaseCoreDiagnostics.framework in Frameworks */,
				A4B03EEE23DE861E0069F7E8 /* Infrastructure.framework in Frameworks */,
				A4B03F0323DE8B130069F7E8 /* RxRelay.framework in Frameworks */,
				A4B03F5323DECF4D0069F7E8 /* gRPC-C++.framework in Frameworks */,
				A4B03F5A23DED02F0069F7E8 /* libc++.tbd in Frameworks */,
				A4B03F4E23DECF3D0069F7E8 /* FirebaseInstanceID.framework in Frameworks */,
				A4B03F5023DECF440069F7E8 /* GoogleDataTransport.framework in Frameworks */,
				A4B03F4823DECF290069F7E8 /* FIRAnalyticsConnector.framework in Frameworks */,
				A4B03F4C23DECF370069F7E8 /* FirebaseFirestore.framework in Frameworks */,
				A4B03F5123DECF470069F7E8 /* GoogleDataTransportCCTSupport.framework in Frameworks */,
			);
			runOnlyForDeploymentPostprocessing = 0;
		};
		A4B03ED623DE861E0069F7E8 /* Frameworks */ = {
			isa = PBXFrameworksBuildPhase;
			buildActionMask = 2147483647;
			files = (
				A4B03F0C23DE9BEE0069F7E8 /* SwiftDate.framework in Frameworks */,
				A4B03EFE23DE8A960069F7E8 /* RxSwift.framework in Frameworks */,
			);
			runOnlyForDeploymentPostprocessing = 0;
		};
		A4B03EDE23DE861E0069F7E8 /* Frameworks */ = {
			isa = PBXFrameworksBuildPhase;
			buildActionMask = 2147483647;
			files = (
				A4B03EE223DE861E0069F7E8 /* Infrastructure.framework in Frameworks */,
			);
			runOnlyForDeploymentPostprocessing = 0;
		};
/* End PBXFrameworksBuildPhase section */

/* Begin PBXGroup section */
		A4B03E7723DE7CAB0069F7E8 = {
			isa = PBXGroup;
			children = (
				A4B03E8223DE7CAB0069F7E8 /* ChukyoBustime */,
				A4B03EDA23DE861E0069F7E8 /* Infrastructure */,
				A4B03EE723DE861E0069F7E8 /* InfrastructureTests */,
				A4B03E8123DE7CAB0069F7E8 /* Products */,
				A4B03EFC23DE8A960069F7E8 /* Frameworks */,
			);
			sourceTree = "<group>";
		};
		A4B03E8123DE7CAB0069F7E8 /* Products */ = {
			isa = PBXGroup;
			children = (
				A4B03E8023DE7CAB0069F7E8 /* ChukyoBustime.app */,
				A4B03ED923DE861E0069F7E8 /* Infrastructure.framework */,
				A4B03EE123DE861E0069F7E8 /* InfrastructureTests.xctest */,
			);
			name = Products;
			sourceTree = "<group>";
		};
		A4B03E8223DE7CAB0069F7E8 /* ChukyoBustime */ = {
			isa = PBXGroup;
			children = (
				A4B03E8323DE7CAB0069F7E8 /* AppDelegate.swift */,
				A4B03E9823DE7FC20069F7E8 /* View */,
				A4B03F6023DED07F0069F7E8 /* Resource */,
				A4B03E8C23DE7CB20069F7E8 /* Assets.xcassets */,
				A4B03E8E23DE7CB20069F7E8 /* LaunchScreen.storyboard */,
				A4B03E9123DE7CB20069F7E8 /* Info.plist */,
			);
			path = ChukyoBustime;
			sourceTree = "<group>";
		};
		A4B03E9723DE7FBD0069F7E8 /* Root */ = {
			isa = PBXGroup;
			children = (
				A4B03E9923DE7FD00069F7E8 /* RootViewController.swift */,
				A4B03E9B23DE7FED0069F7E8 /* RootViewController.storyboard */,
			);
			path = Root;
			sourceTree = "<group>";
		};
		A4B03E9823DE7FC20069F7E8 /* View */ = {
			isa = PBXGroup;
			children = (
				A4B03E9D23DE80090069F7E8 /* Storyboard.swift */,
				A4B03E9723DE7FBD0069F7E8 /* Root */,
			);
			path = View;
			sourceTree = "<group>";
		};
		A4B03EDA23DE861E0069F7E8 /* Infrastructure */ = {
			isa = PBXGroup;
			children = (
				A4B03EF723DE86390069F7E8 /* Entity */,
				A4B03EDB23DE861E0069F7E8 /* Infrastructure.h */,
				A4B03EDC23DE861E0069F7E8 /* Info.plist */,
			);
			path = Infrastructure;
			sourceTree = "<group>";
		};
		A4B03EE723DE861E0069F7E8 /* InfrastructureTests */ = {
			isa = PBXGroup;
			children = (
				A4B03EEA23DE861E0069F7E8 /* Info.plist */,
			);
			path = InfrastructureTests;
			sourceTree = "<group>";
		};
		A4B03EF723DE86390069F7E8 /* Entity */ = {
			isa = PBXGroup;
			children = (
				A4B03EF923DE866E0069F7E8 /* BusTime.swift */,
			);
			path = Entity;
			sourceTree = "<group>";
		};
		A4B03EFC23DE8A960069F7E8 /* Frameworks */ = {
			isa = PBXGroup;
			children = (
				A4B03F5C23DED03E0069F7E8 /* StoreKit.framework */,
				A4B03F5923DED01A0069F7E8 /* libsqlite3.tbd */,
				A4B03F5823DED00F0069F7E8 /* libc++.tbd */,
				A4B03F2023DECEFB0069F7E8 /* abseil.framework */,
				A4B03F1123DECEFB0069F7E8 /* BoringSSL-GRPC.framework */,
				A4B03F1223DECEFB0069F7E8 /* FIRAnalyticsConnector.framework */,
				A4B03F1823DECEFB0069F7E8 /* FirebaseAnalytics.framework */,
				A4B03F0F23DECEFB0069F7E8 /* FirebaseCore.framework */,
				A4B03F1D23DECEFB0069F7E8 /* FirebaseCoreDiagnostics.framework */,
				A4B03F1423DECEFB0069F7E8 /* FirebaseFirestore.framework */,
				A4B03F1B23DECEFB0069F7E8 /* FirebaseInstallations.framework */,
				A4B03F1923DECEFB0069F7E8 /* FirebaseInstanceID.framework */,
				A4B03F1323DECEFB0069F7E8 /* GoogleAppMeasurement.framework */,
				A4B03F1A23DECEFB0069F7E8 /* GoogleDataTransport.framework */,
				A4B03F1723DECEFB0069F7E8 /* GoogleDataTransportCCTSupport.framework */,
				A4B03F1E23DECEFB0069F7E8 /* GoogleUtilities.framework */,
				A4B03F1C23DECEFB0069F7E8 /* gRPC-C++.framework */,
				A4B03F1623DECEFB0069F7E8 /* gRPC-Core.framework */,
				A4B03F1523DECEFB0069F7E8 /* leveldb-library.framework */,
				A4B03F1023DECEFB0069F7E8 /* nanopb.framework */,
				A4B03F1F23DECEFB0069F7E8 /* PromisesObjC.framework */,
				A4B03F0923DE9BBD0069F7E8 /* SwiftDate.framework */,
				A4B03F0223DE8B130069F7E8 /* RxCocoa.framework */,
				A4B03F0123DE8B130069F7E8 /* RxRelay.framework */,
				A4B03EFD23DE8A960069F7E8 /* RxSwift.framework */,
			);
			name = Frameworks;
			sourceTree = "<group>";
		};
		A4B03F6023DED07F0069F7E8 /* Resource */ = {
			isa = PBXGroup;
			children = (
				A4B03F5E23DED06C0069F7E8 /* gRPCCertificates-Cpp.bundle */,
			);
			path = Resource;
			sourceTree = "<group>";
		};
/* End PBXGroup section */

/* Begin PBXHeadersBuildPhase section */
		A4B03ED423DE861E0069F7E8 /* Headers */ = {
			isa = PBXHeadersBuildPhase;
			buildActionMask = 2147483647;
			files = (
				A4B03EEB23DE861E0069F7E8 /* Infrastructure.h in Headers */,
			);
			runOnlyForDeploymentPostprocessing = 0;
		};
/* End PBXHeadersBuildPhase section */

/* Begin PBXNativeTarget section */
		A4B03E7F23DE7CAB0069F7E8 /* ChukyoBustime */ = {
			isa = PBXNativeTarget;
			buildConfigurationList = A4B03E9423DE7CB20069F7E8 /* Build configuration list for PBXNativeTarget "ChukyoBustime" */;
			buildPhases = (
				A4B03E7C23DE7CAB0069F7E8 /* Sources */,
				A4B03E7D23DE7CAB0069F7E8 /* Frameworks */,
				A4B03E7E23DE7CAB0069F7E8 /* Resources */,
				A4B03EF023DE861E0069F7E8 /* Embed Frameworks */,
				A4B03F0823DE8B240069F7E8 /* Carthage */,
			);
			buildRules = (
			);
			dependencies = (
				A4B03EED23DE861E0069F7E8 /* PBXTargetDependency */,
			);
			name = ChukyoBustime;
			productName = ChukyoBustime;
			productReference = A4B03E8023DE7CAB0069F7E8 /* ChukyoBustime.app */;
			productType = "com.apple.product-type.application";
		};
		A4B03ED823DE861E0069F7E8 /* Infrastructure */ = {
			isa = PBXNativeTarget;
			buildConfigurationList = A4B03EF523DE861E0069F7E8 /* Build configuration list for PBXNativeTarget "Infrastructure" */;
			buildPhases = (
				A4B03ED423DE861E0069F7E8 /* Headers */,
				A4B03ED523DE861E0069F7E8 /* Sources */,
				A4B03ED623DE861E0069F7E8 /* Frameworks */,
				A4B03ED723DE861E0069F7E8 /* Resources */,
			);
			buildRules = (
			);
			dependencies = (
			);
			name = Infrastructure;
			productName = Infrastructure;
			productReference = A4B03ED923DE861E0069F7E8 /* Infrastructure.framework */;
			productType = "com.apple.product-type.framework";
		};
		A4B03EE023DE861E0069F7E8 /* InfrastructureTests */ = {
			isa = PBXNativeTarget;
			buildConfigurationList = A4B03EF623DE861E0069F7E8 /* Build configuration list for PBXNativeTarget "InfrastructureTests" */;
			buildPhases = (
				A4B03EDD23DE861E0069F7E8 /* Sources */,
				A4B03EDE23DE861E0069F7E8 /* Frameworks */,
				A4B03EDF23DE861E0069F7E8 /* Resources */,
			);
			buildRules = (
			);
			dependencies = (
				A4B03EE423DE861E0069F7E8 /* PBXTargetDependency */,
				A4B03EE623DE861E0069F7E8 /* PBXTargetDependency */,
			);
			name = InfrastructureTests;
			productName = InfrastructureTests;
			productReference = A4B03EE123DE861E0069F7E8 /* InfrastructureTests.xctest */;
			productType = "com.apple.product-type.bundle.unit-test";
		};
/* End PBXNativeTarget section */

/* Begin PBXProject section */
		A4B03E7823DE7CAB0069F7E8 /* Project object */ = {
			isa = PBXProject;
			attributes = {
				LastSwiftUpdateCheck = 1130;
				LastUpgradeCheck = 1130;
				ORGANIZATIONNAME = "Shunya Yamada";
				TargetAttributes = {
					A4B03E7F23DE7CAB0069F7E8 = {
						CreatedOnToolsVersion = 11.3.1;
					};
					A4B03ED823DE861E0069F7E8 = {
						CreatedOnToolsVersion = 11.3.1;
						LastSwiftMigration = 1130;
					};
					A4B03EE023DE861E0069F7E8 = {
						CreatedOnToolsVersion = 11.3.1;
						TestTargetID = A4B03E7F23DE7CAB0069F7E8;
					};
				};
			};
			buildConfigurationList = A4B03E7B23DE7CAB0069F7E8 /* Build configuration list for PBXProject "ChukyoBustime" */;
			compatibilityVersion = "Xcode 9.3";
			developmentRegion = en;
			hasScannedForEncodings = 0;
			knownRegions = (
				en,
				Base,
			);
			mainGroup = A4B03E7723DE7CAB0069F7E8;
			productRefGroup = A4B03E8123DE7CAB0069F7E8 /* Products */;
			projectDirPath = "";
			projectRoot = "";
			targets = (
				A4B03E7F23DE7CAB0069F7E8 /* ChukyoBustime */,
				A4B03ED823DE861E0069F7E8 /* Infrastructure */,
				A4B03EE023DE861E0069F7E8 /* InfrastructureTests */,
			);
		};
/* End PBXProject section */

/* Begin PBXResourcesBuildPhase section */
		A4B03E7E23DE7CAB0069F7E8 /* Resources */ = {
			isa = PBXResourcesBuildPhase;
			buildActionMask = 2147483647;
			files = (
				A4B03F5F23DED06C0069F7E8 /* gRPCCertificates-Cpp.bundle in Resources */,
				A4B03E9C23DE7FED0069F7E8 /* RootViewController.storyboard in Resources */,
				A4B03E9023DE7CB20069F7E8 /* LaunchScreen.storyboard in Resources */,
				A4B03E8D23DE7CB20069F7E8 /* Assets.xcassets in Resources */,
			);
			runOnlyForDeploymentPostprocessing = 0;
		};
		A4B03ED723DE861E0069F7E8 /* Resources */ = {
			isa = PBXResourcesBuildPhase;
			buildActionMask = 2147483647;
			files = (
			);
			runOnlyForDeploymentPostprocessing = 0;
		};
		A4B03EDF23DE861E0069F7E8 /* Resources */ = {
			isa = PBXResourcesBuildPhase;
			buildActionMask = 2147483647;
			files = (
			);
			runOnlyForDeploymentPostprocessing = 0;
		};
/* End PBXResourcesBuildPhase section */

/* Begin PBXShellScriptBuildPhase section */
		A4B03F0823DE8B240069F7E8 /* Carthage */ = {
			isa = PBXShellScriptBuildPhase;
			buildActionMask = 2147483647;
			files = (
			);
			inputFileListPaths = (
			);
			inputPaths = (
				"$(SRCROOT)/Carthage/Build/iOS/RxSwift.framework",
				"$(SRCROOT)/Carthage/Build/iOS/RxRelay.framework",
				"$(SRCROOT)/Carthage/Build/iOS/RxCocoa.framework",
				"$(SRCROOT)/Carthage/Build/iOS/SwiftDate.framework",
			);
			name = Carthage;
			outputFileListPaths = (
			);
			outputPaths = (
			);
			runOnlyForDeploymentPostprocessing = 0;
			shellPath = /bin/sh;
			shellScript = "/usr/local/bin/carthage copy-frameworks\n";
		};
/* End PBXShellScriptBuildPhase section */

/* Begin PBXSourcesBuildPhase section */
		A4B03E7C23DE7CAB0069F7E8 /* Sources */ = {
			isa = PBXSourcesBuildPhase;
			buildActionMask = 2147483647;
			files = (
				A4B03E9A23DE7FD00069F7E8 /* RootViewController.swift in Sources */,
				A4B03E9E23DE80090069F7E8 /* Storyboard.swift in Sources */,
				A4B03E8423DE7CAB0069F7E8 /* AppDelegate.swift in Sources */,
			);
			runOnlyForDeploymentPostprocessing = 0;
		};
		A4B03ED523DE861E0069F7E8 /* Sources */ = {
			isa = PBXSourcesBuildPhase;
			buildActionMask = 2147483647;
			files = (
				A4B03EFA23DE866E0069F7E8 /* BusTime.swift in Sources */,
			);
			runOnlyForDeploymentPostprocessing = 0;
		};
		A4B03EDD23DE861E0069F7E8 /* Sources */ = {
			isa = PBXSourcesBuildPhase;
			buildActionMask = 2147483647;
			files = (
			);
			runOnlyForDeploymentPostprocessing = 0;
		};
/* End PBXSourcesBuildPhase section */

/* Begin PBXTargetDependency section */
		A4B03EE423DE861E0069F7E8 /* PBXTargetDependency */ = {
			isa = PBXTargetDependency;
			target = A4B03ED823DE861E0069F7E8 /* Infrastructure */;
			targetProxy = A4B03EE323DE861E0069F7E8 /* PBXContainerItemProxy */;
		};
		A4B03EE623DE861E0069F7E8 /* PBXTargetDependency */ = {
			isa = PBXTargetDependency;
			target = A4B03E7F23DE7CAB0069F7E8 /* ChukyoBustime */;
			targetProxy = A4B03EE523DE861E0069F7E8 /* PBXContainerItemProxy */;
		};
		A4B03EED23DE861E0069F7E8 /* PBXTargetDependency */ = {
			isa = PBXTargetDependency;
			target = A4B03ED823DE861E0069F7E8 /* Infrastructure */;
			targetProxy = A4B03EEC23DE861E0069F7E8 /* PBXContainerItemProxy */;
		};
/* End PBXTargetDependency section */

/* Begin PBXVariantGroup section */
		A4B03E8E23DE7CB20069F7E8 /* LaunchScreen.storyboard */ = {
			isa = PBXVariantGroup;
			children = (
				A4B03E8F23DE7CB20069F7E8 /* Base */,
			);
			name = LaunchScreen.storyboard;
			sourceTree = "<group>";
		};
/* End PBXVariantGroup section */

/* Begin XCBuildConfiguration section */
		A4B03E9223DE7CB20069F7E8 /* Debug */ = {
			isa = XCBuildConfiguration;
			buildSettings = {
				ALWAYS_SEARCH_USER_PATHS = NO;
				CLANG_ANALYZER_NONNULL = YES;
				CLANG_ANALYZER_NUMBER_OBJECT_CONVERSION = YES_AGGRESSIVE;
				CLANG_CXX_LANGUAGE_STANDARD = "gnu++14";
				CLANG_CXX_LIBRARY = "libc++";
				CLANG_ENABLE_MODULES = YES;
				CLANG_ENABLE_OBJC_ARC = YES;
				CLANG_ENABLE_OBJC_WEAK = YES;
				CLANG_WARN_BLOCK_CAPTURE_AUTORELEASING = YES;
				CLANG_WARN_BOOL_CONVERSION = YES;
				CLANG_WARN_COMMA = YES;
				CLANG_WARN_CONSTANT_CONVERSION = YES;
				CLANG_WARN_DEPRECATED_OBJC_IMPLEMENTATIONS = YES;
				CLANG_WARN_DIRECT_OBJC_ISA_USAGE = YES_ERROR;
				CLANG_WARN_DOCUMENTATION_COMMENTS = YES;
				CLANG_WARN_EMPTY_BODY = YES;
				CLANG_WARN_ENUM_CONVERSION = YES;
				CLANG_WARN_INFINITE_RECURSION = YES;
				CLANG_WARN_INT_CONVERSION = YES;
				CLANG_WARN_NON_LITERAL_NULL_CONVERSION = YES;
				CLANG_WARN_OBJC_IMPLICIT_RETAIN_SELF = YES;
				CLANG_WARN_OBJC_LITERAL_CONVERSION = YES;
				CLANG_WARN_OBJC_ROOT_CLASS = YES_ERROR;
				CLANG_WARN_RANGE_LOOP_ANALYSIS = YES;
				CLANG_WARN_STRICT_PROTOTYPES = YES;
				CLANG_WARN_SUSPICIOUS_MOVE = YES;
				CLANG_WARN_UNGUARDED_AVAILABILITY = YES_AGGRESSIVE;
				CLANG_WARN_UNREACHABLE_CODE = YES;
				CLANG_WARN__DUPLICATE_METHOD_MATCH = YES;
				COPY_PHASE_STRIP = NO;
				DEBUG_INFORMATION_FORMAT = dwarf;
				ENABLE_STRICT_OBJC_MSGSEND = YES;
				ENABLE_TESTABILITY = YES;
				GCC_C_LANGUAGE_STANDARD = gnu11;
				GCC_DYNAMIC_NO_PIC = NO;
				GCC_NO_COMMON_BLOCKS = YES;
				GCC_OPTIMIZATION_LEVEL = 0;
				GCC_PREPROCESSOR_DEFINITIONS = (
					"DEBUG=1",
					"$(inherited)",
				);
				GCC_WARN_64_TO_32_BIT_CONVERSION = YES;
				GCC_WARN_ABOUT_RETURN_TYPE = YES_ERROR;
				GCC_WARN_UNDECLARED_SELECTOR = YES;
				GCC_WARN_UNINITIALIZED_AUTOS = YES_AGGRESSIVE;
				GCC_WARN_UNUSED_FUNCTION = YES;
				GCC_WARN_UNUSED_VARIABLE = YES;
				IPHONEOS_DEPLOYMENT_TARGET = 11.0;
				MTL_ENABLE_DEBUG_INFO = INCLUDE_SOURCE;
				MTL_FAST_MATH = YES;
				ONLY_ACTIVE_ARCH = YES;
				SDKROOT = iphoneos;
				SWIFT_ACTIVE_COMPILATION_CONDITIONS = DEBUG;
				SWIFT_OPTIMIZATION_LEVEL = "-Onone";
			};
			name = Debug;
		};
		A4B03E9323DE7CB20069F7E8 /* Release */ = {
			isa = XCBuildConfiguration;
			buildSettings = {
				ALWAYS_SEARCH_USER_PATHS = NO;
				CLANG_ANALYZER_NONNULL = YES;
				CLANG_ANALYZER_NUMBER_OBJECT_CONVERSION = YES_AGGRESSIVE;
				CLANG_CXX_LANGUAGE_STANDARD = "gnu++14";
				CLANG_CXX_LIBRARY = "libc++";
				CLANG_ENABLE_MODULES = YES;
				CLANG_ENABLE_OBJC_ARC = YES;
				CLANG_ENABLE_OBJC_WEAK = YES;
				CLANG_WARN_BLOCK_CAPTURE_AUTORELEASING = YES;
				CLANG_WARN_BOOL_CONVERSION = YES;
				CLANG_WARN_COMMA = YES;
				CLANG_WARN_CONSTANT_CONVERSION = YES;
				CLANG_WARN_DEPRECATED_OBJC_IMPLEMENTATIONS = YES;
				CLANG_WARN_DIRECT_OBJC_ISA_USAGE = YES_ERROR;
				CLANG_WARN_DOCUMENTATION_COMMENTS = YES;
				CLANG_WARN_EMPTY_BODY = YES;
				CLANG_WARN_ENUM_CONVERSION = YES;
				CLANG_WARN_INFINITE_RECURSION = YES;
				CLANG_WARN_INT_CONVERSION = YES;
				CLANG_WARN_NON_LITERAL_NULL_CONVERSION = YES;
				CLANG_WARN_OBJC_IMPLICIT_RETAIN_SELF = YES;
				CLANG_WARN_OBJC_LITERAL_CONVERSION = YES;
				CLANG_WARN_OBJC_ROOT_CLASS = YES_ERROR;
				CLANG_WARN_RANGE_LOOP_ANALYSIS = YES;
				CLANG_WARN_STRICT_PROTOTYPES = YES;
				CLANG_WARN_SUSPICIOUS_MOVE = YES;
				CLANG_WARN_UNGUARDED_AVAILABILITY = YES_AGGRESSIVE;
				CLANG_WARN_UNREACHABLE_CODE = YES;
				CLANG_WARN__DUPLICATE_METHOD_MATCH = YES;
				COPY_PHASE_STRIP = NO;
				DEBUG_INFORMATION_FORMAT = "dwarf-with-dsym";
				ENABLE_NS_ASSERTIONS = NO;
				ENABLE_STRICT_OBJC_MSGSEND = YES;
				GCC_C_LANGUAGE_STANDARD = gnu11;
				GCC_NO_COMMON_BLOCKS = YES;
				GCC_WARN_64_TO_32_BIT_CONVERSION = YES;
				GCC_WARN_ABOUT_RETURN_TYPE = YES_ERROR;
				GCC_WARN_UNDECLARED_SELECTOR = YES;
				GCC_WARN_UNINITIALIZED_AUTOS = YES_AGGRESSIVE;
				GCC_WARN_UNUSED_FUNCTION = YES;
				GCC_WARN_UNUSED_VARIABLE = YES;
				IPHONEOS_DEPLOYMENT_TARGET = 11.0;
				MTL_ENABLE_DEBUG_INFO = NO;
				MTL_FAST_MATH = YES;
				SDKROOT = iphoneos;
				SWIFT_COMPILATION_MODE = wholemodule;
				SWIFT_OPTIMIZATION_LEVEL = "-O";
				VALIDATE_PRODUCT = YES;
			};
			name = Release;
		};
		A4B03E9523DE7CB20069F7E8 /* Debug */ = {
			isa = XCBuildConfiguration;
			buildSettings = {
				ALWAYS_EMBED_SWIFT_STANDARD_LIBRARIES = YES;
				ASSETCATALOG_COMPILER_APPICON_NAME = AppIcon;
				CODE_SIGN_STYLE = Automatic;
				FRAMEWORK_SEARCH_PATHS = (
					"$(inherited)",
					"$(PROJECT_DIR)/Carthage/Build/iOS",
				);
				INFOPLIST_FILE = ChukyoBustime/Info.plist;
				IPHONEOS_DEPLOYMENT_TARGET = 11.0;
				LD_RUNPATH_SEARCH_PATHS = (
					"$(inherited)",
					"@executable_path/Frameworks",
				);
				OTHER_LDFLAGS = (
					"$(OTHER_LDFLAGS)",
					"-ObjC",
				);
				PRODUCT_BUNDLE_IDENTIFIER = shunya.yamada.ChukyoBustime;
				PRODUCT_NAME = "$(TARGET_NAME)";
				SWIFT_VERSION = 5.0;
				TARGETED_DEVICE_FAMILY = 1;
			};
			name = Debug;
		};
		A4B03E9623DE7CB20069F7E8 /* Release */ = {
			isa = XCBuildConfiguration;
			buildSettings = {
				ALWAYS_EMBED_SWIFT_STANDARD_LIBRARIES = YES;
				ASSETCATALOG_COMPILER_APPICON_NAME = AppIcon;
				CODE_SIGN_STYLE = Automatic;
				FRAMEWORK_SEARCH_PATHS = (
					"$(inherited)",
					"$(PROJECT_DIR)/Carthage/Build/iOS",
				);
				INFOPLIST_FILE = ChukyoBustime/Info.plist;
				IPHONEOS_DEPLOYMENT_TARGET = 11.0;
				LD_RUNPATH_SEARCH_PATHS = (
					"$(inherited)",
					"@executable_path/Frameworks",
				);
				OTHER_LDFLAGS = (
					"$(OTHER_LDFLAGS)",
					"-ObjC",
				);
				PRODUCT_BUNDLE_IDENTIFIER = shunya.yamada.ChukyoBustime;
				PRODUCT_NAME = "$(TARGET_NAME)";
				SWIFT_VERSION = 5.0;
				TARGETED_DEVICE_FAMILY = 1;
			};
			name = Release;
		};
		A4B03EF123DE861E0069F7E8 /* Debug */ = {
			isa = XCBuildConfiguration;
			buildSettings = {
				CLANG_ENABLE_MODULES = YES;
				CODE_SIGN_STYLE = Automatic;
				CURRENT_PROJECT_VERSION = 1;
				DEFINES_MODULE = YES;
				DYLIB_COMPATIBILITY_VERSION = 1;
				DYLIB_CURRENT_VERSION = 1;
				DYLIB_INSTALL_NAME_BASE = "@rpath";
				FRAMEWORK_SEARCH_PATHS = (
					"$(inherited)",
					"$(PROJECT_DIR)/Carthage/Build/iOS",
				);
				INFOPLIST_FILE = Infrastructure/Info.plist;
				INSTALL_PATH = "$(LOCAL_LIBRARY_DIR)/Frameworks";
				IPHONEOS_DEPLOYMENT_TARGET = 11.0;
				LD_RUNPATH_SEARCH_PATHS = (
					"$(inherited)",
					"@executable_path/Frameworks",
					"@loader_path/Frameworks",
				);
				OTHER_LDFLAGS = "";
				PRODUCT_BUNDLE_IDENTIFIER = shunya.yamada.Infrastructure;
				PRODUCT_NAME = "$(TARGET_NAME:c99extidentifier)";
				SKIP_INSTALL = YES;
				SUPPORTS_MACCATALYST = NO;
				SWIFT_OPTIMIZATION_LEVEL = "-Onone";
				SWIFT_VERSION = 5.0;
				TARGETED_DEVICE_FAMILY = 1;
				VERSIONING_SYSTEM = "apple-generic";
				VERSION_INFO_PREFIX = "";
			};
			name = Debug;
		};
		A4B03EF223DE861E0069F7E8 /* Release */ = {
			isa = XCBuildConfiguration;
			buildSettings = {
				CLANG_ENABLE_MODULES = YES;
				CODE_SIGN_STYLE = Automatic;
				CURRENT_PROJECT_VERSION = 1;
				DEFINES_MODULE = YES;
				DYLIB_COMPATIBILITY_VERSION = 1;
				DYLIB_CURRENT_VERSION = 1;
				DYLIB_INSTALL_NAME_BASE = "@rpath";
				FRAMEWORK_SEARCH_PATHS = (
					"$(inherited)",
					"$(PROJECT_DIR)/Carthage/Build/iOS",
				);
				INFOPLIST_FILE = Infrastructure/Info.plist;
				INSTALL_PATH = "$(LOCAL_LIBRARY_DIR)/Frameworks";
				IPHONEOS_DEPLOYMENT_TARGET = 11.0;
				LD_RUNPATH_SEARCH_PATHS = (
					"$(inherited)",
					"@executable_path/Frameworks",
					"@loader_path/Frameworks",
				);
				OTHER_LDFLAGS = "";
				PRODUCT_BUNDLE_IDENTIFIER = shunya.yamada.Infrastructure;
				PRODUCT_NAME = "$(TARGET_NAME:c99extidentifier)";
				SKIP_INSTALL = YES;
				SUPPORTS_MACCATALYST = NO;
				SWIFT_VERSION = 5.0;
				TARGETED_DEVICE_FAMILY = 1;
				VERSIONING_SYSTEM = "apple-generic";
				VERSION_INFO_PREFIX = "";
			};
			name = Release;
		};
		A4B03EF323DE861E0069F7E8 /* Debug */ = {
			isa = XCBuildConfiguration;
			buildSettings = {
				ALWAYS_EMBED_SWIFT_STANDARD_LIBRARIES = YES;
				CODE_SIGN_STYLE = Automatic;
				INFOPLIST_FILE = InfrastructureTests/Info.plist;
				IPHONEOS_DEPLOYMENT_TARGET = 13.2;
				LD_RUNPATH_SEARCH_PATHS = (
					"$(inherited)",
					"@executable_path/Frameworks",
					"@loader_path/Frameworks",
				);
				PRODUCT_BUNDLE_IDENTIFIER = shunya.yamada.InfrastructureTests;
				PRODUCT_NAME = "$(TARGET_NAME)";
				SWIFT_VERSION = 5.0;
				TARGETED_DEVICE_FAMILY = "1,2";
				TEST_HOST = "$(BUILT_PRODUCTS_DIR)/ChukyoBustime.app/ChukyoBustime";
			};
			name = Debug;
		};
		A4B03EF423DE861E0069F7E8 /* Release */ = {
			isa = XCBuildConfiguration;
			buildSettings = {
				ALWAYS_EMBED_SWIFT_STANDARD_LIBRARIES = YES;
				CODE_SIGN_STYLE = Automatic;
				INFOPLIST_FILE = InfrastructureTests/Info.plist;
				IPHONEOS_DEPLOYMENT_TARGET = 13.2;
				LD_RUNPATH_SEARCH_PATHS = (
					"$(inherited)",
					"@executable_path/Frameworks",
					"@loader_path/Frameworks",
				);
				PRODUCT_BUNDLE_IDENTIFIER = shunya.yamada.InfrastructureTests;
				PRODUCT_NAME = "$(TARGET_NAME)";
				SWIFT_VERSION = 5.0;
				TARGETED_DEVICE_FAMILY = "1,2";
				TEST_HOST = "$(BUILT_PRODUCTS_DIR)/ChukyoBustime.app/ChukyoBustime";
			};
			name = Release;
		};
/* End XCBuildConfiguration section */

/* Begin XCConfigurationList section */
		A4B03E7B23DE7CAB0069F7E8 /* Build configuration list for PBXProject "ChukyoBustime" */ = {
			isa = XCConfigurationList;
			buildConfigurations = (
				A4B03E9223DE7CB20069F7E8 /* Debug */,
				A4B03E9323DE7CB20069F7E8 /* Release */,
			);
			defaultConfigurationIsVisible = 0;
			defaultConfigurationName = Release;
		};
		A4B03E9423DE7CB20069F7E8 /* Build configuration list for PBXNativeTarget "ChukyoBustime" */ = {
			isa = XCConfigurationList;
			buildConfigurations = (
				A4B03E9523DE7CB20069F7E8 /* Debug */,
				A4B03E9623DE7CB20069F7E8 /* Release */,
			);
			defaultConfigurationIsVisible = 0;
			defaultConfigurationName = Release;
		};
		A4B03EF523DE861E0069F7E8 /* Build configuration list for PBXNativeTarget "Infrastructure" */ = {
			isa = XCConfigurationList;
			buildConfigurations = (
				A4B03EF123DE861E0069F7E8 /* Debug */,
				A4B03EF223DE861E0069F7E8 /* Release */,
			);
			defaultConfigurationIsVisible = 0;
			defaultConfigurationName = Release;
		};
		A4B03EF623DE861E0069F7E8 /* Build configuration list for PBXNativeTarget "InfrastructureTests" */ = {
			isa = XCConfigurationList;
			buildConfigurations = (
				A4B03EF323DE861E0069F7E8 /* Debug */,
				A4B03EF423DE861E0069F7E8 /* Release */,
			);
			defaultConfigurationIsVisible = 0;
			defaultConfigurationName = Release;
		};
/* End XCConfigurationList section */
	};
	rootObject = A4B03E7823DE7CAB0069F7E8 /* Project object */;
}
